
Microsoft Visual Studio Solution File, Format Version 12.00
# Visual Studio Version 16
VisualStudioVersion = 16.0.28803.352
MinimumVisualStudioVersion = 10.0.40219.1
Project("{FAE04EC0-301F-11D3-BF4B-00C04F79EFBC}") = "pictureGame", "pictureGame.csproj", "{8F4A62BC-2434-4E62-B7DF-EF8709F9AA0C}"
EndProject
Global
	GlobalSection(SolutionConfigurationPlatforms) = preSolution
		Debug|Any CPU = Debug|Any CPU
		Release|Any CPU = Release|Any CPU
	EndGlobalSection
	GlobalSection(ProjectConfigurationPlatforms) = postSolution
		{8F4A62BC-2434-4E62-B7DF-EF8709F9AA0C}.Debug|Any CPU.ActiveCfg = Debug|Any CPU
		{8F4A62BC-2434-4E62-B7DF-EF8709F9AA0C}.Debug|Any CPU.Build.0 = Debug|Any CPU
		{8F4A62BC-2434-4E62-B7DF-EF8709F9AA0C}.Release|Any CPU.ActiveCfg = Release|Any CPU
		{8F4A62BC-2434-4E62-B7DF-EF8709F9AA0C}.Release|Any CPU.Build.0 = Release|Any CPU
	EndGlobalSection
	GlobalSection(SolutionProperties) = preSolution
		HideSolutionNode = FALSE
	EndGlobalSection
	GlobalSection(ExtensibilityGlobals) = postSolution
		SolutionGuid = {D2A0931A-06EA-4613-BFFC-C9994D3AFB02}
	EndGlobalSection
EndGlobal
